Microsoft Visual Studio Solution File, Format Version 12.00
# Visual Studio Version 17
VisualStudioVersion = 17.13.35931.197
MinimumVisualStudioVersion = 10.0.40219.1
Project("{FAE04EC0-301F-11D3-BF4B-00C04F79EFBC}") = "TinyMarketWebApi", "TinyMarket\TinyMarketWebApi.csproj", "{5194871C-33BE-4C2B-B1E3-6DF7D7AD23B7}"
EndProject
Project("{FAE04EC0-301F-11D3-BF4B-00C04F79EFBC}") = "TinyMarketCore", "TinyMarketCore\TinyMarketCore.csproj", "{C653C180-06A2-4C0D-A9F4-D3E78F92DAC8}"
EndProject
Project("{FAE04EC0-301F-11D3-BF4B-00C04F79EFBC}") = "TinyMarketDTO", "TinyMarketDTO\TinyMarketDTO.csproj", "{B1B30987-1AED-496D-9A11-0DBCE6D9C84C}"
EndProject
Project("{FAE04EC0-301F-11D3-BF4B-00C04F79EFBC}") = "TinyMarketData", "TinyMarketData\TinyMarketData.csproj", "{6BE06CC2-D2A3-4408-8442-37371CA518EE}"
EndProject
Global
	GlobalSection(SolutionConfigurationPlatforms) = preSolution
		Debug|Any CPU = Debug|Any CPU
		Release|Any CPU = Release|Any CPU
	EndGlobalSection
	GlobalSection(ProjectConfigurationPlatforms) = postSolution
		{5194871C-33BE-4C2B-B1E3-6DF7D7AD23B7}.Debug|Any CPU.ActiveCfg = Debug|Any CPU
		{5194871C-33BE-4C2B-B1E3-6DF7D7AD23B7}.Debug|Any CPU.Build.0 = Debug|Any CPU
		{5194871C-33BE-4C2B-B1E3-6DF7D7AD23B7}.Release|Any CPU.ActiveCfg = Release|Any CPU
		{5194871C-33BE-4C2B-B1E3-6DF7D7AD23B7}.Release|Any CPU.Build.0 = Release|Any CPU
		{C653C180-06A2-4C0D-A9F4-D3E78F92DAC8}.Debug|Any CPU.ActiveCfg = Debug|Any CPU
		{C653C180-06A2-4C0D-A9F4-D3E78F92DAC8}.Debug|Any CPU.Build.0 = Debug|Any CPU
		{C653C180-06A2-4C0D-A9F4-D3E78F92DAC8}.Release|Any CPU.ActiveCfg = Release|Any CPU
		{C653C180-06A2-4C0D-A9F4-D3E78F92DAC8}.Release|Any CPU.Build.0 = Release|Any CPU
		{B1B30987-1AED-496D-9A11-0DBCE6D9C84C}.Debug|Any CPU.ActiveCfg = Debug|Any CPU
		{B1B30987-1AED-496D-9A11-0DBCE6D9C84C}.Debug|Any CPU.Build.0 = Debug|Any CPU
		{B1B30987-1AED-496D-9A11-0DBCE6D9C84C}.Release|Any CPU.ActiveCfg = Release|Any CPU
		{B1B30987-1AED-496D-9A11-0DBCE6D9C84C}.Release|Any CPU.Build.0 = Release|Any CPU
		{6BE06CC2-D2A3-4408-8442-37371CA518EE}.Debug|Any CPU.ActiveCfg = Debug|Any CPU
		{6BE06CC2-D2A3-4408-8442-37371CA518EE}.Debug|Any CPU.Build.0 = Debug|Any CPU
		{6BE06CC2-D2A3-4408-8442-37371CA518EE}.Release|Any CPU.ActiveCfg = Release|Any CPU
		{6BE06CC2-D2A3-4408-8442-37371CA518EE}.Release|Any CPU.Build.0 = Release|Any CPU
	EndGlobalSection
	GlobalSection(SolutionProperties) = preSolution
		HideSolutionNode = FALSE
	EndGlobalSection
	GlobalSection(ExtensibilityGlobals) = postSolution
		SolutionGuid = {877DBF38-D5F5-4480-80CA-B456018B4E2D}
	EndGlobalSection
EndGlobal
